
Microsoft Visual Studio Solution File, Format Version 12.00
# Visual Studio Version 16
VisualStudioVersion = 16.0.31911.196
MinimumVisualStudioVersion = 10.0.40219.1
Project("{FAE04EC0-301F-11D3-BF4B-00C04F79EFBC}") = "mvpApi", "mvpApi.csproj", "{7D85226E-04C5-42B1-81EC-109E97253DEE}"
EndProject
Global
	GlobalSection(SolutionConfigurationPlatforms) = preSolution
		Debug|Any CPU = Debug|Any CPU
		Release|Any CPU = Release|Any CPU
	EndGlobalSection
	GlobalSection(ProjectConfigurationPlatforms) = postSolution
		{7D85226E-04C5-42B1-81EC-109E97253DEE}.Debug|Any CPU.ActiveCfg = Debug|Any CPU
		{7D85226E-04C5-42B1-81EC-109E97253DEE}.Debug|Any CPU.Build.0 = Debug|Any CPU
		{7D85226E-04C5-42B1-81EC-109E97253DEE}.Release|Any CPU.ActiveCfg = Release|Any CPU
		{7D85226E-04C5-42B1-81EC-109E97253DEE}.Release|Any CPU.Build.0 = Release|Any CPU
	EndGlobalSection
	GlobalSection(SolutionProperties) = preSolution
		HideSolutionNode = FALSE
	EndGlobalSection
	GlobalSection(ExtensibilityGlobals) = postSolution
		SolutionGuid = {3079AA55-58ED-437A-A46A-54E447C9489D}
	EndGlobalSection
EndGlobal
